// !$*UTF8*$!
{
	archiveVersion = 1;
	classes = {
	};
	objectVersion = 46;
	objects = {

/* Begin PBXBuildFile section */
		30CE07871E8F5B8D006598BA /* AppDelegate.swift in Sources */ = {isa = PBXBuildFile; fileRef = 30CE07861E8F5B8D006598BA /* AppDelegate.swift */; };
		30CE07891E8F5B8D006598BA /* ViewController.swift in Sources */ = {isa = PBXBuildFile; fileRef = 30CE07881E8F5B8D006598BA /* ViewController.swift */; };
		30CE078C1E8F5B8D006598BA /* Main.storyboard in Resources */ = {isa = PBXBuildFile; fileRef = 30CE078A1E8F5B8D006598BA /* Main.storyboard */; };
		30CE078E1E8F5B8D006598BA /* Assets.xcassets in Resources */ = {isa = PBXBuildFile; fileRef = 30CE078D1E8F5B8D006598BA /* Assets.xcassets */; };
		30CE07911E8F5B8D006598BA /* LaunchScreen.storyboard in Resources */ = {isa = PBXBuildFile; fileRef = 30CE078F1E8F5B8D006598BA /* LaunchScreen.storyboard */; };
		30CE07A41E8F6430006598BA /* Test1@2x.png in Resources */ = {isa = PBXBuildFile; fileRef = 30CE07A01E8F6430006598BA /* Test1@2x.png */; };
		30CE07A51E8F6430006598BA /* Test1@3x.png in Resources */ = {isa = PBXBuildFile; fileRef = 30CE07A11E8F6430006598BA /* Test1@3x.png */; };
		30CE07A61E8F6430006598BA /* Test2@2x.png in Resources */ = {isa = PBXBuildFile; fileRef = 30CE07A21E8F6430006598BA /* Test2@2x.png */; };
		30CE07A71E8F6430006598BA /* Test2@3x.png in Resources */ = {isa = PBXBuildFile; fileRef = 30CE07A31E8F6430006598BA /* Test2@3x.png */; };
/* End PBXBuildFile section */

/* Begin PBXFileReference section */
		30CE07831E8F5B8D006598BA /* AppIconTest.app */ = {isa = PBXFileReference; explicitFileType = wrapper.application; includeInIndex = 0; path = AppIconTest.app; sourceTree = BUILT_PRODUCTS_DIR; };
		30CE07861E8F5B8D006598BA /* AppDelegate.swift */ = {isa = PBXFileReference; lastKnownFileType = sourcecode.swift; path = AppDelegate.swift; sourceTree = "<group>"; };
		30CE07881E8F5B8D006598BA /* ViewController.swift */ = {isa = PBXFileReference; lastKnownFileType = sourcecode.swift; path = ViewController.swift; sourceTree = "<group>"; };
		30CE078B1E8F5B8D006598BA /* Base */ = {isa = PBXFileReference; lastKnownFileType = file.storyboard; name = Base; path = Base.lproj/Main.storyboard; sourceTree = "<group>"; };
		30CE078D1E8F5B8D006598BA /* Assets.xcassets */ = {isa = PBXFileReference; lastKnownFileType = folder.assetcatalog; path = Assets.xcassets; sourceTree = "<group>"; };
		30CE07901E8F5B8D006598BA /* Base */ = {isa = PBXFileReference; lastKnownFileType = file.storyboard; name = Base; path = Base.lproj/LaunchScreen.storyboard; sourceTree = "<group>"; };
		30CE07921E8F5B8D006598BA /* Info.plist */ = {isa = PBXFileReference; lastKnownFileType = text.plist.xml; path = Info.plist; sourceTree = "<group>"; };
		30CE07A01E8F6430006598BA /* Test1@2x.png */ = {isa = PBXFileReference; lastKnownFileType = image.png; path = "Test1@2x.png"; sourceTree = "<group>"; };
		30CE07A11E8F6430006598BA /* Test1@3x.png */ = {isa = PBXFileReference; lastKnownFileType = image.png; path = "Test1@3x.png"; sourceTree = "<group>"; };
		30CE07A21E8F6430006598BA /* Test2@2x.png */ = {isa = PBXFileReference; lastKnownFileType = image.png; path = "Test2@2x.png"; sourceTree = "<group>"; };
		30CE07A31E8F6430006598BA /* Test2@3x.png */ = {isa = PBXFileReference; lastKnownFileType = image.png; path = "Test2@3x.png"; sourceTree = "<group>"; };
/* End PBXFileReference section */

/* Begin PBXFrameworksBuildPhase section */
		30CE07801E8F5B8D006598BA /* Frameworks */ = {
			isa = PBXFrameworksBuildPhase;
			buildActionMask = 2147483647;
			files = (
			);
			runOnlyForDeploymentPostprocessing = 0;
		};
/* End PBXFrameworksBuildPhase section */

/* Begin PBXGroup section */
		30CE077A1E8F5B8D006598BA = {
			isa = PBXGroup;
			children = (
				30CE07851E8F5B8D006598BA /* AppIconTest */,
				30CE07841E8F5B8D006598BA /* Products */,
			);
			sourceTree = "<group>";
		};
		30CE07841E8F5B8D006598BA /* Products */ = {
			isa = PBXGroup;
			children = (
				30CE07831E8F5B8D006598BA /* AppIconTest.app */,
			);
			name = Products;
			sourceTree = "<group>";
		};
		30CE07851E8F5B8D006598BA /* AppIconTest */ = {
			isa = PBXGroup;
			children = (
				30CE07861E8F5B8D006598BA /* AppDelegate.swift */,
				30CE07881E8F5B8D006598BA /* ViewController.swift */,
				30CE078A1E8F5B8D006598BA /* Main.storyboard */,
				30CE078D1E8F5B8D006598BA /* Assets.xcassets */,
				30CE07A01E8F6430006598BA /* Test1@2x.png */,
				30CE07A11E8F6430006598BA /* Test1@3x.png */,
				30CE07A21E8F6430006598BA /* Test2@2x.png */,
				30CE07A31E8F6430006598BA /* Test2@3x.png */,
				30CE078F1E8F5B8D006598BA /* LaunchScreen.storyboard */,
				30CE07921E8F5B8D006598BA /* Info.plist */,
			);
			path = AppIconTest;
			sourceTree = "<group>";
		};
/* End PBXGroup section */

/* Begin PBXNativeTarget section */
		30CE07821E8F5B8D006598BA /* AppIconTest */ = {
			isa = PBXNativeTarget;
			buildConfigurationList = 30CE07951E8F5B8D006598BA /* Build configuration list for PBXNativeTarget "AppIconTest" */;
			buildPhases = (
				30CE077F1E8F5B8D006598BA /* Sources */,
				30CE07801E8F5B8D006598BA /* Frameworks */,
				30CE07811E8F5B8D006598BA /* Resources */,
			);
			buildRules = (
			);
			dependencies = (
			);
			name = AppIconTest;
			productName = AppIconTest;
			productReference = 30CE07831E8F5B8D006598BA /* AppIconTest.app */;
			productType = "com.apple.product-type.application";
		};
/* End PBXNativeTarget section */

/* Begin PBXProject section */
		30CE077B1E8F5B8D006598BA /* Project object */ = {
			isa = PBXProject;
			attributes = {
				LastSwiftUpdateCheck = 0830;
				LastUpgradeCheck = 0830;
				ORGANIZATIONNAME = "Midwest Computer Solutions";
				TargetAttributes = {
					30CE07821E8F5B8D006598BA = {
						CreatedOnToolsVersion = 8.3;
						DevelopmentTeam = 62KBMLS53A;
						ProvisioningStyle = Automatic;
					};
				};
			};
			buildConfigurationList = 30CE077E1E8F5B8D006598BA /* Build configuration list for PBXProject "AppIconTest" */;
			compatibilityVersion = "Xcode 3.2";
			developmentRegion = English;
			hasScannedForEncodings = 0;
			knownRegions = (
				en,
				Base,
			);
			mainGroup = 30CE077A1E8F5B8D006598BA;
			productRefGroup = 30CE07841E8F5B8D006598BA /* Products */;
			projectDirPath = "";
			projectRoot = "";
			targets = (
				30CE07821E8F5B8D006598BA /* AppIconTest */,
			);
		};
/* End PBXProject section */

/* Begin PBXResourcesBuildPhase section */
		30CE07811E8F5B8D006598BA /* Resources */ = {
			isa = PBXResourcesBuildPhase;
			buildActionMask = 2147483647;
			files = (
				30CE07911E8F5B8D006598BA /* LaunchScreen.storyboard in Resources */,
				30CE07A71E8F6430006598BA /* Test2@3x.png in Resources */,
				30CE078E1E8F5B8D006598BA /* Assets.xcassets in Resources */,
				30CE07A41E8F6430006598BA /* Test1@2x.png in Resources */,
				30CE07A51E8F6430006598BA /* Test1@3x.png in Resources */,
				30CE078C1E8F5B8D006598BA /* Main.storyboard in Resources */,
				30CE07A61E8F6430006598BA /* Test2@2x.png in Resources */,
			);
			runOnlyForDeploymentPostprocessing = 0;
		};
/* End PBXResourcesBuildPhase section */

/* Begin PBXSourcesBuildPhase section */
		30CE077F1E8F5B8D006598BA /* Sources */ = {
			isa = PBXSourcesBuildPhase;
			buildActionMask = 2147483647;
			files = (
				30CE07891E8F5B8D006598BA /* ViewController.swift in Sources */,
				30CE07871E8F5B8D006598BA /* AppDelegate.swift in Sources */,
			);
			runOnlyForDeploymentPostprocessing = 0;
		};
/* End PBXSourcesBuildPhase section */

/* Begin PBXVariantGroup section */
		30CE078A1E8F5B8D006598BA /* Main.storyboard */ = {
			isa = PBXVariantGroup;
			children = (
				30CE078B1E8F5B8D006598BA /* Base */,
			);
			name = Main.storyboard;
			sourceTree = "<group>";
		};
		30CE078F1E8F5B8D006598BA /* LaunchScreen.storyboard */ = {
			isa = PBXVariantGroup;
			children = (
				30CE07901E8F5B8D006598BA /* Base */,
			);
			name = LaunchScreen.storyboard;
			sourceTree = "<group>";
		};
/* End PBXVariantGroup section */

/* Begin XCBuildConfiguration section */
		30CE07931E8F5B8D006598BA /* Debug */ = {
			isa = XCBuildConfiguration;
			buildSettings = {
				ALWAYS_SEARCH_USER_PATHS = NO;
				CLANG_ANALYZER_NONNULL = YES;
				CLANG_ANALYZER_NUMBER_OBJECT_CONVERSION = YES_AGGRESSIVE;
				CLANG_CXX_LANGUAGE_STANDARD = "gnu++0x";
				CLANG_CXX_LIBRARY = "libc++";
				CLANG_ENABLE_MODULES = YES;
				CLANG_ENABLE_OBJC_ARC = YES;
				CLANG_WARN_BOOL_CONVERSION = YES;
				CLANG_WARN_CONSTANT_CONVERSION = YES;
				CLANG_WARN_DIRECT_OBJC_ISA_USAGE = YES_ERROR;
				CLANG_WARN_DOCUMENTATION_COMMENTS = YES;
				CLANG_WARN_EMPTY_BODY = YES;
				CLANG_WARN_ENUM_CONVERSION = YES;
				CLANG_WARN_INFINITE_RECURSION = YES;
				CLANG_WARN_INT_CONVERSION = YES;
				CLANG_WARN_OBJC_ROOT_CLASS = YES_ERROR;
				CLANG_WARN_SUSPICIOUS_MOVE = YES;
				CLANG_WARN_UNREACHABLE_CODE = YES;
				CLANG_WARN__DUPLICATE_METHOD_MATCH = YES;
				"CODE_SIGN_IDENTITY[sdk=iphoneos*]" = "iPhone Developer";
				COPY_PHASE_STRIP = NO;
				DEBUG_INFORMATION_FORMAT = dwarf;
				ENABLE_STRICT_OBJC_MSGSEND = YES;
				ENABLE_TESTABILITY = YES;
				GCC_C_LANGUAGE_STANDARD = gnu99;
				GCC_DYNAMIC_NO_PIC = NO;
				GCC_NO_COMMON_BLOCKS = YES;
				GCC_OPTIMIZATION_LEVEL = 0;
				GCC_PREPROCESSOR_DEFINITIONS = (
					"DEBUG=1",
					"$(inherited)",
				);
				GCC_WARN_64_TO_32_BIT_CONVERSION = YES;
				GCC_WARN_ABOUT_RETURN_TYPE = YES_ERROR;
				GCC_WARN_UNDECLARED_SELECTOR = YES;
				GCC_WARN_UNINITIALIZED_AUTOS = YES_AGGRESSIVE;
				GCC_WARN_UNUSED_FUNCTION = YES;
				GCC_WARN_UNUSED_VARIABLE = YES;
				IPHONEOS_DEPLOYMENT_TARGET = 10.3;
				MTL_ENABLE_DEBUG_INFO = YES;
				ONLY_ACTIVE_ARCH = YES;
				SDKROOT = iphoneos;
				SWIFT_ACTIVE_COMPILATION_CONDITIONS = DEBUG;
				SWIFT_OPTIMIZATION_LEVEL = "-Onone";
				TARGETED_DEVICE_FAMILY = "1,2";
			};
			name = Debug;
		};
		30CE07941E8F5B8D006598BA /* Release */ = {
			isa = XCBuildConfiguration;
			buildSettings = {
				ALWAYS_SEARCH_USER_PATHS = NO;
				CLANG_ANALYZER_NONNULL = YES;
				CLANG_ANALYZER_NUMBER_OBJECT_CONVERSION = YES_AGGRESSIVE;
				CLANG_CXX_LANGUAGE_STANDARD = "gnu++0x";
				CLANG_CXX_LIBRARY = "libc++";
				CLANG_ENABLE_MODULES = YES;
				CLANG_ENABLE_OBJC_ARC = YES;
				CLANG_WARN_BOOL_CONVERSION = YES;
				CLANG_WARN_CONSTANT_CONVERSION = YES;
				CLANG_WARN_DIRECT_OBJC_ISA_USAGE = YES_ERROR;
				CLANG_WARN_DOCUMENTATION_COMMENTS = YES;
				CLANG_WARN_EMPTY_BODY = YES;
				CLANG_WARN_ENUM_CONVERSION = YES;
				CLANG_WARN_INFINITE_RECURSION = YES;
				CLANG_WARN_INT_CONVERSION = YES;
				CLANG_WARN_OBJC_ROOT_CLASS = YES_ERROR;
				CLANG_WARN_SUSPICIOUS_MOVE = YES;
				CLANG_WARN_UNREACHABLE_CODE = YES;
				CLANG_WARN__DUPLICATE_METHOD_MATCH = YES;
				"CODE_SIGN_IDENTITY[sdk=iphoneos*]" = "iPhone Developer";
				COPY_PHASE_STRIP = NO;
				DEBUG_INFORMATION_FORMAT = "dwarf-with-dsym";
				ENABLE_NS_ASSERTIONS = NO;
				ENABLE_STRICT_OBJC_MSGSEND = YES;
				GCC_C_LANGUAGE_STANDARD = gnu99;
				GCC_NO_COMMON_BLOCKS = YES;
				GCC_WARN_64_TO_32_BIT_CONVERSION = YES;
				GCC_WARN_ABOUT_RETURN_TYPE = YES_ERROR;
				GCC_WARN_UNDECLARED_SELECTOR = YES;
				GCC_WARN_UNINITIALIZED_AUTOS = YES_AGGRESSIVE;
				GCC_WARN_UNUSED_FUNCTION = YES;
				GCC_WARN_UNUSED_VARIABLE = YES;
				IPHONEOS_DEPLOYMENT_TARGET = 10.3;
				MTL_ENABLE_DEBUG_INFO = NO;
				SDKROOT = iphoneos;
				SWIFT_OPTIMIZATION_LEVEL = "-Owholemodule";
				TARGETED_DEVICE_FAMILY = "1,2";
				VALIDATE_PRODUCT = YES;
			};
			name = Release;
		};
		30CE07961E8F5B8D006598BA /* Debug */ = {
			isa = XCBuildConfiguration;
			buildSettings = {
				ASSETCATALOG_COMPILER_APPICON_NAME = AppIcon;
				DEVELOPMENT_TEAM = 62KBMLS53A;
				INFOPLIST_FILE = AppIconTest/Info.plist;
				LD_RUNPATH_SEARCH_PATHS = "$(inherited) @executable_path/Frameworks";
				PRODUCT_BUNDLE_IDENTIFIER = net.midwestcompsol.AppIconTest;
				PRODUCT_NAME = "$(TARGET_NAME)";
				SWIFT_VERSION = 3.0;
				TARGETED_DEVICE_FAMILY = 1;
			};
			name = Debug;
		};
		30CE07971E8F5B8D006598BA /* Release */ = {
			isa = XCBuildConfiguration;
			buildSettings = {
				ASSETCATALOG_COMPILER_APPICON_NAME = AppIcon;
				DEVELOPMENT_TEAM = 62KBMLS53A;
				INFOPLIST_FILE = AppIconTest/Info.plist;
				LD_RUNPATH_SEARCH_PATHS = "$(inherited) @executable_path/Frameworks";
				PRODUCT_BUNDLE_IDENTIFIER = net.midwestcompsol.AppIconTest;
				PRODUCT_NAME = "$(TARGET_NAME)";
				SWIFT_VERSION = 3.0;
				TARGETED_DEVICE_FAMILY = 1;
			};
			name = Release;
		};
/* End XCBuildConfiguration section */

/* Begin XCConfigurationList section */
		30CE077E1E8F5B8D006598BA /* Build configuration list for PBXProject "AppIconTest" */ = {
			isa = XCConfigurationList;
			buildConfigurations = (
				30CE07931E8F5B8D006598BA /* Debug */,
				30CE07941E8F5B8D006598BA /* Release */,
			);
			defaultConfigurationIsVisible = 0;
			defaultConfigurationName = Release;
		};
		30CE07951E8F5B8D006598BA /* Build configuration list for PBXNativeTarget "AppIconTest" */ = {
			isa = XCConfigurationList;
			buildConfigurations = (
				30CE07961E8F5B8D006598BA /* Debug */,
				30CE07971E8F5B8D006598BA /* Release */,
			);
			defaultConfigurationIsVisible = 0;
		};
/* End XCConfigurationList section */
	};
	rootObject = 30CE077B1E8F5B8D006598BA /* Project object */;
}
